# THIS IS AN AUTOGENERATED FILE. DO NOT EDIT THIS FILE DIRECTLY.
# yarn lockfile v1


"@babel/runtime@^7.11.2", "@babel/runtime@^7.17.8":
  "integrity" "sha512-UF0tvkUtxwAgZ5W/KrkHf0Rn0fdnLDU9ScxBrEVNUprE/MzirjK4MJUX1/BVDv00Sv8cljtukVK1aky++X1SjQ=="
  "resolved" "https://registry.npmjs.org/@babel/runtime/-/runtime-7.20.7.tgz"
  "version" "7.20.7"
  dependencies:
    "regenerator-runtime" "^0.13.11"

"@next/env@13.1.1":
  "integrity" "sha512-vFMyXtPjSAiOXOywMojxfKIqE3VWN5RCAx+tT3AS3pcKjMLFTCJFUWsKv8hC+87Z1F4W3r68qTwDFZIFmd5Xkw=="
  "resolved" "https://registry.npmjs.org/@next/env/-/env-13.1.1.tgz"
  "version" "13.1.1"

"@next/swc-win32-x64-msvc@13.1.1":
  "integrity" "sha512-mVF0/3/5QAc5EGVnb8ll31nNvf3BWpPY4pBb84tk+BfQglWLqc5AC9q1Ht/YMWiEgs8ALNKEQ3GQnbY0bJF2Gg=="
  "resolved" "https://registry.npmjs.org/@next/swc-win32-x64-msvc/-/swc-win32-x64-msvc-13.1.1.tgz"
  "version" "13.1.1"

"@react-spring/animated@~9.6.1":
  "integrity" "sha512-ls/rJBrAqiAYozjLo5EPPLLOb1LM0lNVQcXODTC1SMtS6DbuBCPaKco5svFUQFMP2dso3O+qcC4k9FsKc0KxMQ=="
  "resolved" "https://registry.npmjs.org/@react-spring/animated/-/animated-9.6.1.tgz"
  "version" "9.6.1"
  dependencies:
    "@react-spring/shared" "~9.6.1"
    "@react-spring/types" "~9.6.1"

"@react-spring/core@~9.6.1":
  "integrity" "sha512-3HAAinAyCPessyQNNXe5W0OHzRfa8Yo5P748paPcmMowZ/4sMfaZ2ZB6e5x5khQI8NusOHj8nquoutd6FRY5WQ=="
  "resolved" "https://registry.npmjs.org/@react-spring/core/-/core-9.6.1.tgz"
  "version" "9.6.1"
  dependencies:
    "@react-spring/animated" "~9.6.1"
    "@react-spring/rafz" "~9.6.1"
    "@react-spring/shared" "~9.6.1"
    "@react-spring/types" "~9.6.1"

"@react-spring/rafz@~9.6.1":
  "integrity" "sha512-v6qbgNRpztJFFfSE3e2W1Uz+g8KnIBs6SmzCzcVVF61GdGfGOuBrbjIcp+nUz301awVmREKi4eMQb2Ab2gGgyQ=="
  "resolved" "https://registry.npmjs.org/@react-spring/rafz/-/rafz-9.6.1.tgz"
  "version" "9.6.1"

"@react-spring/shared@~9.6.1":
  "integrity" "sha512-PBFBXabxFEuF8enNLkVqMC9h5uLRBo6GQhRMQT/nRTnemVENimgRd+0ZT4yFnAQ0AxWNiJfX3qux+bW2LbG6Bw=="
  "resolved" "https://registry.npmjs.org/@react-spring/shared/-/shared-9.6.1.tgz"
  "version" "9.6.1"
  dependencies:
    "@react-spring/rafz" "~9.6.1"
    "@react-spring/types" "~9.6.1"

"@react-spring/types@~9.6.1":
  "integrity" "sha512-POu8Mk0hIU3lRXB3bGIGe4VHIwwDsQyoD1F394OK7STTiX9w4dG3cTLljjYswkQN+hDSHRrj4O36kuVa7KPU8Q=="
  "resolved" "https://registry.npmjs.org/@react-spring/types/-/types-9.6.1.tgz"
  "version" "9.6.1"

"@react-spring/web@^9.0.0-rc.3":
  "integrity" "sha512-X2zR6q2Z+FjsWfGAmAXlQaoUHbPmfuCaXpuM6TcwXPpLE1ZD4A1eys/wpXboFQmDkjnrlTmKvpVna1MjWpZ5Hw=="
  "resolved" "https://registry.npmjs.org/@react-spring/web/-/web-9.6.1.tgz"
  "version" "9.6.1"
  dependencies:
    "@react-spring/animated" "~9.6.1"
    "@react-spring/core" "~9.6.1"
    "@react-spring/shared" "~9.6.1"
    "@react-spring/types" "~9.6.1"

"@react-three/fiber@latest":
  "integrity" "sha512-uhDQvxUZ0M2SU/gAtY2tcEaa+Pp9JSDmSzm7Dw6q9/KMReqcImNLjPzkjVsWV5DKP7fELC6c4Bgs9sVIahM6LQ=="
  "version" "8.9.2"
  dependencies:
    "@babel/runtime" "^7.17.8"
    "@types/react-reconciler" "^0.26.7"
    "its-fine" "^1.0.6"
    "react-reconciler" "^0.27.0"
    "react-use-measure" "^2.1.1"
    "scheduler" "^0.21.0"
    "suspend-react" "^0.0.8"
    "zustand" "^3.7.1"

"@swc/helpers@0.4.14":
  "integrity" "sha512-4C7nX/dvpzB7za4Ql9K81xK3HPxCpHMgwTZVyf+9JQ6VUbn9jjZVN7/Nkdz/Ugzs2CSjqnL/UPXroiVBVHUWUw=="
  "resolved" "https://registry.npmjs.org/@swc/helpers/-/helpers-0.4.14.tgz"
  "version" "0.4.14"
  dependencies:
    "tslib" "^2.4.0"

"@types/node@18.11.18":
  "integrity" "sha512-DHQpWGjyQKSHj3ebjFI/wRKcqQcdR+MoFBygntYOZytCqNfkd2ZC4ARDJ2DQqhjH5p85Nnd3jhUJIXrszFX/JA=="
  "resolved" "https://registry.npmjs.org/@types/node/-/node-18.11.18.tgz"
  "version" "18.11.18"

"@types/prop-types@*":
  "integrity" "sha512-JCB8C6SnDoQf0cNycqd/35A7MjcnK+ZTqE7judS6o7utxUCg6imJg3QK2qzHKszlTjcj2cn+NwMB2i96ubpj7w=="
  "resolved" "https://registry.npmjs.org/@types/prop-types/-/prop-types-15.7.5.tgz"
  "version" "15.7.5"

"@types/react-dom@^18.0.10":
  "integrity" "sha512-E42GW/JA4Qv15wQdqJq8DL4JhNpB3prJgjgapN3qJT9K2zO5IIAQh4VXvCEDupoqAwnz0cY4RlXeC/ajX5SFHg=="
  "resolved" "https://registry.npmjs.org/@types/react-dom/-/react-dom-18.0.10.tgz"
  "version" "18.0.10"
  dependencies:
    "@types/react" "*"

"@types/react-reconciler@^0.26.7":
  "integrity" "sha512-mBDYl8x+oyPX/VBb3E638N0B7xG+SPk/EAMcVPeexqus/5aTpTphQi0curhhshOqRrc9t6OPoJfEUkbymse/lQ=="
  "resolved" "https://registry.npmjs.org/@types/react-reconciler/-/react-reconciler-0.26.7.tgz"
  "version" "0.26.7"
  dependencies:
    "@types/react" "*"

"@types/react-reconciler@^0.28.0":
  "integrity" "sha512-ExBHUBykCcDh0HqqlJb6BA1yNpvW2iluIThK9tr1CX2tRMe3HeLt5/ow/bTpKGWoRBE5v/ISXFyjbnHRSKT6ng=="
  "resolved" "https://registry.npmjs.org/@types/react-reconciler/-/react-reconciler-0.28.1.tgz"
  "version" "0.28.1"
  dependencies:
    "@types/react" "*"

"@types/react@*", "@types/react@^18.0.26":
  "integrity" "sha512-hCR3PJQsAIXyxhTNSiDFY//LhnMZWpNNr5etoCqx/iUfGc5gXWtQR2Phl908jVR6uPXacojQWTg4qRpkxTuGug=="
  "resolved" "https://registry.npmjs.org/@types/react/-/react-18.0.26.tgz"
  "version" "18.0.26"
  dependencies:
    "@types/prop-types" "*"
    "@types/scheduler" "*"
    "csstype" "^3.0.2"

"@types/scheduler@*":
  "integrity" "sha512-hppQEBDmlwhFAXKJX2KnWLYu5yMfi91yazPb2l+lbJiwW+wdo1gNeRA+3RgNSO39WYX2euey41KEwnqesU2Jew=="
  "resolved" "https://registry.npmjs.org/@types/scheduler/-/scheduler-0.16.2.tgz"
  "version" "0.16.2"

"@types/three@^0.148.0":
  "integrity" "sha512-1GiErjt1pJMadO8EhaxNrtULzdn+f3BbM3YTukiiXBVeRvvx4CXc2rpYdEuEBU/ouCX7Rc95j1HoVG9kFQXQJw=="
  "resolved" "https://registry.npmjs.org/@types/three/-/three-0.148.0.tgz"
  "version" "0.148.0"
  dependencies:
    "@types/webxr" "*"

"@types/webxr@*":
  "integrity" "sha512-IUMDPSXnYIbEO2IereEFcgcqfDREOgmbGqtrMpVPpACTU6pltYLwHgVkrnYv0XhWEcjio9sYEfIEzgn3c7nDqA=="
  "resolved" "https://registry.npmjs.org/@types/webxr/-/webxr-0.5.0.tgz"
  "version" "0.5.0"

"caniuse-lite@^1.0.30001406":
  "integrity" "sha512-OyxRR4Vof59I3yGWXws6i908EtGbMzVUi3ganaZQHmydk1iwDhRnvaPG2WaR0KcqrDFKrxVZHULT396LEPhXfg=="
  "resolved" "https://registry.npmjs.org/caniuse-lite/-/caniuse-lite-1.0.30001441.tgz"
  "version" "1.0.30001441"

"client-only@0.0.1":
  "integrity" "sha512-IV3Ou0jSMzZrd3pZ48nLkT9DA7Ag1pnPzaiQhpW7c3RbcqqzvzzVu+L8gfqMp/8IM2MQtSiqaCxrrcfu8I8rMA=="
  "resolved" "https://registry.npmjs.org/client-only/-/client-only-0.0.1.tgz"
  "version" "0.0.1"

"csstype@^3.0.2":
  "integrity" "sha512-DJR/VvkAvSZW9bTouZue2sSxDwdTN92uHjqeKVm+0dAqdfNykRzQ95tay8aXMBAAPpUiq4Qcug2L7neoRh2Egw=="
  "resolved" "https://registry.npmjs.org/csstype/-/csstype-3.1.1.tgz"
  "version" "3.1.1"

"debounce@^1.2.1":
  "integrity" "sha512-XRRe6Glud4rd/ZGQfiV1ruXSfbvfJedlV9Y6zOlP+2K04vBYiJEte6stfFkCP03aMnY5tsipamumUjL14fofug=="
  "resolved" "https://registry.npmjs.org/debounce/-/debounce-1.2.1.tgz"
  "version" "1.2.1"

"detect-gpu@^3.0.0":
  "integrity" "sha512-WUOk8imHH56AWVt6iHry69qbNEFsPjtS6qsinurfxeI3bVYQZzFk8zECTaodLxfeRad7QspDjjkJWkp5vBo8WA=="
  "resolved" "https://registry.npmjs.org/detect-gpu/-/detect-gpu-3.1.30.tgz"
  "version" "3.1.30"
  dependencies:
    "webgl-constants" "^1.1.1"

"drei@^2.2.21":
  "integrity" "sha512-ue0fmH0VfyYUeHyyEggSsIvYQrSY3mUdW4MDiTxn69hQ08S52Z1bAHsBsE7o7TQD8cBQu+oGCRGXf7HBOUYgng=="
  "resolved" "https://registry.npmjs.org/drei/-/drei-2.2.21.tgz"
  "version" "2.2.21"
  dependencies:
    "@babel/runtime" "^7.11.2"
    "@react-spring/web" "^9.0.0-rc.3"
    "detect-gpu" "^3.0.0"
    "glsl-noise" "^0.0.0"
    "lodash.omit" "^4.5.0"
    "lodash.pick" "^4.4.0"
    "react-merge-refs" "^1.0.0"
    "stats.js" "^0.17.0"
    "troika-three-text" "^0.34.2"
    "utility-types" "^3.10.0"
    "zustand" "^3.0.3"

"glsl-noise@^0.0.0":
  "integrity" "sha512-b/ZCF6amfAUb7dJM/MxRs7AetQEahYzJ8PtgfrmEdtw6uyGOr+ZSGtgjFm6mfsBkxJ4d2W7kg+Nlqzqvn3Bc0w=="
  "resolved" "https://registry.npmjs.org/glsl-noise/-/glsl-noise-0.0.0.tgz"
  "version" "0.0.0"

"its-fine@^1.0.6":
  "integrity" "sha512-MagTA9/J6kN3aEQsQu6by3nyrttCm0whCOYo4SfiNzOfYgcr1cb29mJ3zgluaJboaWOL/lHzJeMXi/QGSCfX1Q=="
  "resolved" "https://registry.npmjs.org/its-fine/-/its-fine-1.0.8.tgz"
  "version" "1.0.8"
  dependencies:
    "@types/react-reconciler" "^0.28.0"

"js-tokens@^3.0.0 || ^4.0.0":
  "integrity" "sha512-RdJUflcE3cUzKiMqQgsCu06FPu9UdIJO0beYbPhHN4k6apgJtifcoCtT9bcxOpYBtpD2kCM6Sbzg4CausW/PKQ=="
  "resolved" "https://registry.npmjs.org/js-tokens/-/js-tokens-4.0.0.tgz"
  "version" "4.0.0"

"lodash.omit@^4.5.0":
  "integrity" "sha512-XeqSp49hNGmlkj2EJlfrQFIzQ6lXdNro9sddtQzcJY8QaoC2GO0DT7xaIokHeyM+mIT0mPMlPvkYzg2xCuHdZg=="
  "resolved" "https://registry.npmjs.org/lodash.omit/-/lodash.omit-4.5.0.tgz"
  "version" "4.5.0"

"lodash.pick@^4.4.0":
  "integrity" "sha512-hXt6Ul/5yWjfklSGvLQl8vM//l3FtyHZeuelpzK6mm99pNvN9yTDruNZPEJZD1oWrqo+izBmB7oUfWgcCX7s4Q=="
  "resolved" "https://registry.npmjs.org/lodash.pick/-/lodash.pick-4.4.0.tgz"
  "version" "4.4.0"

"loose-envify@^1.1.0":
  "integrity" "sha512-lyuxPGr/Wfhrlem2CL/UcnUc1zcqKAImBDzukY7Y5F/yQiNdko6+fRLevlw1HgMySw7f611UIY408EtxRSoK3Q=="
  "resolved" "https://registry.npmjs.org/loose-envify/-/loose-envify-1.4.0.tgz"
  "version" "1.4.0"
  dependencies:
    "js-tokens" "^3.0.0 || ^4.0.0"

"nanoid@^3.3.4":
  "integrity" "sha512-MqBkQh/OHTS2egovRtLk45wEyNXwF+cokD+1YPf9u5VfJiRdAiRwB2froX5Co9Rh20xs4siNPm8naNotSD6RBw=="
  "resolved" "https://registry.npmjs.org/nanoid/-/nanoid-3.3.4.tgz"
  "version" "3.3.4"

"next@^13.1.1":
  "integrity" "sha512-R5eBAaIa3X7LJeYvv1bMdGnAVF4fVToEjim7MkflceFPuANY3YyvFxXee/A+acrSYwYPvOvf7f6v/BM/48ea5w=="
  "resolved" "https://registry.npmjs.org/next/-/next-13.1.1.tgz"
  "version" "13.1.1"
  dependencies:
    "@next/env" "13.1.1"
    "@swc/helpers" "0.4.14"
    "caniuse-lite" "^1.0.30001406"
    "postcss" "8.4.14"
    "styled-jsx" "5.1.1"
  optionalDependencies:
    "@next/swc-android-arm-eabi" "13.1.1"
    "@next/swc-android-arm64" "13.1.1"
    "@next/swc-darwin-arm64" "13.1.1"
    "@next/swc-darwin-x64" "13.1.1"
    "@next/swc-freebsd-x64" "13.1.1"
    "@next/swc-linux-arm-gnueabihf" "13.1.1"
    "@next/swc-linux-arm64-gnu" "13.1.1"
    "@next/swc-linux-arm64-musl" "13.1.1"
    "@next/swc-linux-x64-gnu" "13.1.1"
    "@next/swc-linux-x64-musl" "13.1.1"
    "@next/swc-win32-arm64-msvc" "13.1.1"
    "@next/swc-win32-ia32-msvc" "13.1.1"
    "@next/swc-win32-x64-msvc" "13.1.1"

"picocolors@^1.0.0":
  "integrity" "sha512-1fygroTLlHu66zi26VoTDv8yRgm0Fccecssto+MhsZ0D/DGW2sm8E8AjW7NU5VVTRt5GxbeZ5qBuJr+HyLYkjQ=="
  "resolved" "https://registry.npmjs.org/picocolors/-/picocolors-1.0.0.tgz"
  "version" "1.0.0"

"postcss@8.4.14":
  "integrity" "sha512-E398TUmfAYFPBSdzgeieK2Y1+1cpdxJx8yXbK/m57nRhKSmk1GB2tO4lbLBtlkfPQTDKfe4Xqv1ASWPpayPEig=="
  "resolved" "https://registry.npmjs.org/postcss/-/postcss-8.4.14.tgz"
  "version" "8.4.14"
  dependencies:
    "nanoid" "^3.3.4"
    "picocolors" "^1.0.0"
    "source-map-js" "^1.0.2"

"react-dom@^16.8.0 || ^17.0.0 || ^18.0.0", "react-dom@^18.2.0", "react-dom@>=16.13", "react-dom@>=17.0", "react-dom@>=18.0":
  "integrity" "sha512-6IMTriUmvsjHUjNtEDudZfuDQUoWXVxKHhlEGSk81n4YFS+r/Kl99wXiwlVXtPBtJenozv2P+hxDsw9eA7Xo6g=="
  "resolved" "https://registry.npmjs.org/react-dom/-/react-dom-18.2.0.tgz"
  "version" "18.2.0"
  dependencies:
    "loose-envify" "^1.1.0"
    "scheduler" "^0.23.0"

"react-merge-refs@^1.0.0":
  "integrity" "sha512-alTKsjEL0dKH/ru1Iyn7vliS2QRcBp9zZPGoWxUOvRGWPUYgjo+V01is7p04It6KhgrzhJGnIj9GgX8W4bZoCQ=="
  "resolved" "https://registry.npmjs.org/react-merge-refs/-/react-merge-refs-1.1.0.tgz"
  "version" "1.1.0"

"react-reconciler@^0.27.0":
  "integrity" "sha512-HmMDKciQjYmBRGuuhIaKA1ba/7a+UsM5FzOZsMO2JYHt9Jh8reCb7j1eDC95NOyUlKM9KRyvdx0flBuDvYSBoA=="
  "resolved" "https://registry.npmjs.org/react-reconciler/-/react-reconciler-0.27.0.tgz"
  "version" "0.27.0"
  dependencies:
    "loose-envify" "^1.1.0"
    "scheduler" "^0.21.0"

"react-three-fiber@^6.0.13", "react-three-fiber@>=5.0":
  "integrity" "sha512-uShQnkMVLvnzwf3YzY9mnzCnpmLpvTQkc0ycrtwk8fyjXmZt2695tLn3tufPF6uxq06UKJRKJcjCVCMXyUcEPQ=="
  "resolved" "https://registry.npmjs.org/react-three-fiber/-/react-three-fiber-6.0.13.tgz"
  "version" "6.0.13"
  dependencies:
    "@react-three/fiber" "latest"

"react-use-measure@^2.1.1":
  "integrity" "sha512-nocZhN26cproIiIduswYpV5y5lQpSQS1y/4KuvUCjSKmw7ZWIS/+g3aFnX3WdBkyuGUtTLif3UTqnLLhbDoQig=="
  "resolved" "https://registry.npmjs.org/react-use-measure/-/react-use-measure-2.1.1.tgz"
  "version" "2.1.1"
  dependencies:
    "debounce" "^1.2.1"

"react@^16.8.0 || ^17.0.0 || ^18.0.0", "react@^18.0.0", "react@^18.2.0", "react@>= 16.8.0 || 17.x.x || ^18.0.0-0", "react@>=16.13", "react@>=16.8", "react@>=17.0", "react@>=18.0":
  "integrity" "sha512-/3IjMdb2L9QbBdWiW5e3P2/npwMBaU9mHCSCUzNln0ZCYbcfTsGbTJrU/kGemdH2IWmB2ioZ+zkxtmq6g09fGQ=="
  "resolved" "https://registry.npmjs.org/react/-/react-18.2.0.tgz"
  "version" "18.2.0"
  dependencies:
    "loose-envify" "^1.1.0"

"regenerator-runtime@^0.13.11":
  "integrity" "sha512-kY1AZVr2Ra+t+piVaJ4gxaFaReZVH40AKNo7UCX6W+dEwBo/2oZJzqfuN1qLq1oL45o56cPaTXELwrTh8Fpggg=="
  "resolved" "https://registry.npmjs.org/regenerator-runtime/-/regenerator-runtime-0.13.11.tgz"
  "version" "0.13.11"

"scheduler@^0.21.0":
  "integrity" "sha512-1r87x5fz9MXqswA2ERLo0EbOAU74DpIUO090gIasYTqlVoJeMcl+Z1Rg7WHz+qtPujhS/hGIt9kxZOYBV3faRQ=="
  "resolved" "https://registry.npmjs.org/scheduler/-/scheduler-0.21.0.tgz"
  "version" "0.21.0"
  dependencies:
    "loose-envify" "^1.1.0"

"scheduler@^0.23.0":
  "integrity" "sha512-CtuThmgHNg7zIZWAXi3AsyIzA3n4xx7aNyjwC2VJldO2LMVDhFK+63xGqq6CsJH4rTAt6/M+N4GhZiDYPx9eUw=="
  "resolved" "https://registry.npmjs.org/scheduler/-/scheduler-0.23.0.tgz"
  "version" "0.23.0"
  dependencies:
    "loose-envify" "^1.1.0"

"source-map-js@^1.0.2":
  "integrity" "sha512-R0XvVJ9WusLiqTCEiGCmICCMplcCkIwwR11mOSD9CR5u+IXYdiseeEuXCVAjS54zqwkLcPNnmU4OeJ6tUrWhDw=="
  "resolved" "https://registry.npmjs.org/source-map-js/-/source-map-js-1.0.2.tgz"
  "version" "1.0.2"

"stats.js@^0.17.0":
  "integrity" "sha512-hNKz8phvYLPEcRkeG1rsGmV5ChMjKDAWU7/OJJdDErPBNChQXxCo3WZurGpnWc6gZhAzEPFad1aVgyOANH1sMw=="
  "resolved" "https://registry.npmjs.org/stats.js/-/stats.js-0.17.0.tgz"
  "version" "0.17.0"

"styled-jsx@5.1.1":
  "integrity" "sha512-pW7uC1l4mBZ8ugbiZrcIsiIvVx1UmTfw7UkC3Um2tmfUq9Bhk8IiyEIPl6F8agHgjzku6j0xQEZbfA5uSgSaCw=="
  "resolved" "https://registry.npmjs.org/styled-jsx/-/styled-jsx-5.1.1.tgz"
  "version" "5.1.1"
  dependencies:
    "client-only" "0.0.1"

"suspend-react@^0.0.8":
  "integrity" "sha512-ZC3r8Hu1y0dIThzsGw0RLZplnX9yXwfItcvaIzJc2VQVi8TGyGDlu92syMB5ulybfvGLHAI5Ghzlk23UBPF8xg=="
  "resolved" "https://registry.npmjs.org/suspend-react/-/suspend-react-0.0.8.tgz"
  "version" "0.0.8"

"three@^0.148.0", "three@>=0.126", "three@>=0.133", "three@0.103.x - 0.121.x":
  "integrity" "sha512-8uzVV+qhTPi0bOFs/3te3RW6hb3urL8jYEl6irjCWo/l6sr8MPNMcClFev/MMYeIxr0gmDcoXTy/8LXh/LXkfw=="
  "resolved" "https://registry.npmjs.org/three/-/three-0.148.0.tgz"
  "version" "0.148.0"

"troika-three-text@^0.34.2":
  "integrity" "sha512-2YNZjI1TJXDrSz3JvQEW4GXJ6/Zlca+On0rbPyqGvcKYZTXzHkUd7a/wBIBicP9Ca/W+V0E+BVLvsoZEXjqTfg=="
  "resolved" "https://registry.npmjs.org/troika-three-text/-/troika-three-text-0.34.2.tgz"
  "version" "0.34.2"
  dependencies:
    "troika-three-utils" "^0.34.0"
    "troika-worker-utils" "^0.34.1"

"troika-three-utils@^0.34.0":
  "integrity" "sha512-6Dm6FzGFpuiehjKkm3wAV3e+SPnHQ+GxwXnHFToKLcQ1/gVDOIL69BWCosrlEUb0SUOQjQv6sd5QpNT6IIewpQ=="
  "resolved" "https://registry.npmjs.org/troika-three-utils/-/troika-three-utils-0.34.0.tgz"
  "version" "0.34.0"

"troika-worker-utils@^0.34.1":
  "integrity" "sha512-zLTSB6ISd/dpBMG6PFR2v7sqU2bqVwOUd45iWzcgcRE9+w/5YJN8h0+H5EmgRPIVe5xus0UZQKUgVH6FRA+YdQ=="
  "resolved" "https://registry.npmjs.org/troika-worker-utils/-/troika-worker-utils-0.34.1.tgz"
  "version" "0.34.1"

"tslib@^2.4.0":
  "integrity" "sha512-tGyy4dAjRIEwI7BzsB0lynWgOpfqjUdq91XXAlIWD2OwKBH7oCl/GZG/HT4BOHrTlPMOASlMQ7veyTqpmRcrNA=="
  "resolved" "https://registry.npmjs.org/tslib/-/tslib-2.4.1.tgz"
  "version" "2.4.1"

"typescript@4.9.4":
  "integrity" "sha512-Uz+dTXYzxXXbsFpM86Wh3dKCxrQqUcVMxwU54orwlJjOpO3ao8L7j5lH+dWfTwgCwIuM9GQ2kvVotzYJMXTBZg=="
  "resolved" "https://registry.npmjs.org/typescript/-/typescript-4.9.4.tgz"
  "version" "4.9.4"

"utility-types@^3.10.0":
  "integrity" "sha512-O11mqxmi7wMKCo6HKFt5AhO4BwY3VV68YU07tgxfz8zJTIxr4BpsezN49Ffwy9j3ZpwwJp4fkRwjRzq3uWE6Rg=="
  "resolved" "https://registry.npmjs.org/utility-types/-/utility-types-3.10.0.tgz"
  "version" "3.10.0"

"webgl-constants@^1.1.1":
  "integrity" "sha512-LkBXKjU5r9vAW7Gcu3T5u+5cvSvh5WwINdr0C+9jpzVB41cjQAP5ePArDtk/WHYdVj0GefCgM73BA7FlIiNtdg=="
  "resolved" "https://registry.npmjs.org/webgl-constants/-/webgl-constants-1.1.1.tgz"
  "version" "1.1.1"

"zustand@^3.0.3", "zustand@^3.7.1":
  "integrity" "sha512-PIJDIZKtokhof+9+60cpockVOq05sJzHCriyvaLBmEJixseQ1a5Kdov6fWZfWOu5SK9c+FhH1jU0tntLxRJYMA=="
  "resolved" "https://registry.npmjs.org/zustand/-/zustand-3.7.2.tgz"
  "version" "3.7.2"
